<?xml version="1.0" encoding="utf-8"?>
<Project ToolsVersion="4.0" xmlns="http://schemas.microsoft.com/developer/msbuild/2003">
  <ItemGroup>
    <Filter Include="리소스 파일">
      <UniqueIdentifier>{67DA6AB6-F800-4c08-8B7A-83BB121AAD01}</UniqueIdentifier>
      <Extensions>rc;ico;cur;bmp;dlg;rc2;rct;bin;rgs;gif;jpg;jpeg;jpe;resx;tiff;tif;png;wav;mfcribbon-ms</Extensions>
    </Filter>
    <Filter Include="Header">
      <UniqueIdentifier>{93995380-89BD-4b04-88EB-625FBE52EBFB}</UniqueIdentifier>
      <Extensions>h;hh;hpp;hxx;h++;hm;inl;inc;ipp;xsd</Extensions>
    </Filter>
    <Filter Include="Problem List">
      <UniqueIdentifier>{4FC737F1-C7A5-4376-A066-2A32D752A2FF}</UniqueIdentifier>
      <Extensions>cpp;c;cc;cxx;c++;cppm;ixx;def;odl;idl;hpj;bat;asm;asmx</Extensions>
    </Filter>
  </ItemGroup>
  <ItemGroup>
    <ClCompile Include="1. Two Sum.cpp">
      <Filter>Problem List</Filter>
    </ClCompile>
    <ClCompile Include="15. 3Sum.cpp">
      <Filter>Problem List</Filter>
    </ClCompile>
    <ClCompile Include="561. Array Partition.cpp">
      <Filter>Problem List</Filter>
    </ClCompile>
    <ClCompile Include="238. Product of Array Except Self.cpp">
      <Filter>Problem List</Filter>
    </ClCompile>
    <ClCompile Include="92. Reverse Linked List II.cpp">
      <Filter>Problem List</Filter>
    </ClCompile>
    <ClCompile Include="328. Odd Even Linked List.cpp">
      <Filter>Problem List</Filter>
    </ClCompile>
    <ClCompile Include="24. Swap Nodes in Pairs.cpp">
      <Filter>Problem List</Filter>
    </ClCompile>
    <ClCompile Include="2. Add Two Numbers.cpp">
      <Filter>Problem List</Filter>
    </ClCompile>
    <ClCompile Include="206. Reverse Linked List.cpp">
      <Filter>Problem List</Filter>
    </ClCompile>
    <ClCompile Include="21. Merge Two Sorted Lists.cpp">
      <Filter>Problem List</Filter>
    </ClCompile>
    <ClCompile Include="234. Palindrome Linked List.cpp">
      <Filter>Problem List</Filter>
    </ClCompile>
    <ClCompile Include="207. Course Schedule.cpp">
      <Filter>Problem List</Filter>
    </ClCompile>
    <ClCompile Include="121. Best Time to Buy and Sell Stock.cpp">
      <Filter>Problem List</Filter>
    </ClCompile>
    <ClCompile Include="20. Valid Parentheses.cpp">
      <Filter>Problem List</Filter>
    </ClCompile>
    <ClCompile Include="56. Merge Intervals.cpp">
      <Filter>Problem List</Filter>
    </ClCompile>
    <ClCompile Include="147. Insertion Sort List.cpp">
      <Filter>Problem List</Filter>
    </ClCompile>
    <ClCompile Include="179. Largest Number.cpp">
      <Filter>Problem List</Filter>
    </ClCompile>
    <ClCompile Include="242. Valid Anagram.cpp">
      <Filter>Problem List</Filter>
    </ClCompile>
    <ClCompile Include="75. Sort Colors.cpp">
      <Filter>Problem List</Filter>
    </ClCompile>
    <ClCompile Include="973. K Closest Points to Origin.cpp">
      <Filter>Problem List</Filter>
    </ClCompile>
    <ClCompile Include="704. Binary Search.cpp">
      <Filter>Problem List</Filter>
    </ClCompile>
    <ClCompile Include="33. Search in Rotated Sorted Array.cpp">
      <Filter>Problem List</Filter>
    </ClCompile>
    <ClCompile Include="461. Hamming Distance.cpp">
      <Filter>Problem List</Filter>
    </ClCompile>
    <ClCompile Include="191. Number of 1 Bits.cpp">
      <Filter>Problem List</Filter>
    </ClCompile>
    <ClCompile Include="393. UTF-8 Validation.cpp">
      <Filter>Problem List</Filter>
    </ClCompile>
    <ClCompile Include="239. Sliding Window Maximum.cpp">
      <Filter>Problem List</Filter>
    </ClCompile>
    <ClCompile Include="76. Minimum Window Substring.cpp">
      <Filter>Problem List</Filter>
    </ClCompile>
    <ClCompile Include="424. Longest Repeating Character Replacement.cpp">
      <Filter>Problem List</Filter>
    </ClCompile>
    <ClCompile Include="122. Best Time to Buy and Sell Stock II.cpp">
      <Filter>Problem List</Filter>
    </ClCompile>
    <ClCompile Include="406. Queue Reconstruction by Height.cpp">
      <Filter>Problem List</Filter>
    </ClCompile>
    <ClCompile Include="621. Task Scheduler.cpp">
      <Filter>Problem List</Filter>
    </ClCompile>
    <ClCompile Include="134. Gas Station.cpp">
      <Filter>Problem List</Filter>
    </ClCompile>
    <ClCompile Include="455. Assign Cookies.cpp">
      <Filter>Problem List</Filter>
    </ClCompile>
  </ItemGroup>
  <ItemGroup>
    <ClInclude Include="헤더.h">
      <Filter>Header</Filter>
    </ClInclude>
  </ItemGroup>
</Project>